
Microsoft Visual Studio Solution File, Format Version 12.00
# Visual Studio Version 17
VisualStudioVersion = 17.3.32825.248
MinimumVisualStudioVersion = 10.0.40219.1
Project("{2150E333-8FDC-42A3-9474-1A3956D46DE8}") = "src", "src", "{FB2C6057-0993-4F66-9A6A-B4F0523C22FE}"
EndProject
Project("{9A19103F-16F7-4668-BE54-9A1E7A4F7556}") = "PaymentApi.API", "src\PaymentApi.API\PaymentApi.API.csproj", "{E6BA98A5-4F93-4BDC-9050-B0F417B4A41E}"
EndProject
Project("{9A19103F-16F7-4668-BE54-9A1E7A4F7556}") = "PaymentApi.Domain", "src\PaymentApi.Domain\PaymentApi.Domain.csproj", "{736B8E99-42B3-4359-97B5-750FA7E80686}"
EndProject
Project("{2150E333-8FDC-42A3-9474-1A3956D46DE8}") = "test", "test", "{5E250128-BC88-49A7-BDDC-E4C200903AA3}"
EndProject
Project("{9A19103F-16F7-4668-BE54-9A1E7A4F7556}") = "PaymentApi.Domain.Test", "test\PaymentApi.Domain.Test\PaymentApi.Domain.Test.csproj", "{60BD4238-B2AF-4ACC-A607-5DAF82D9F6DE}"
EndProject
Project("{9A19103F-16F7-4668-BE54-9A1E7A4F7556}") = "PaymentApi.Data", "src\PaymentApi.Data\PaymentApi.Data.csproj", "{D99A99D7-62B5-495B-A039-17C082D66589}"
EndProject
Project("{9A19103F-16F7-4668-BE54-9A1E7A4F7556}") = "PaymentApi.Data.Test", "test\PaymentApi.Data.Test\PaymentApi.Data.Test.csproj", "{45E6D712-0776-4953-9416-616507B6F9E7}"
EndProject
Project("{9A19103F-16F7-4668-BE54-9A1E7A4F7556}") = "PaymentApi.Application", "src\PaymentApi.Application\PaymentApi.Application.csproj", "{4832B111-6F81-4FB8-AB33-737388752AB1}"
EndProject
Global
	GlobalSection(SolutionConfigurationPlatforms) = preSolution
		Debug|Any CPU = Debug|Any CPU
		Release|Any CPU = Release|Any CPU
	EndGlobalSection
	GlobalSection(ProjectConfigurationPlatforms) = postSolution
		{E6BA98A5-4F93-4BDC-9050-B0F417B4A41E}.Debug|Any CPU.ActiveCfg = Debug|Any CPU
		{E6BA98A5-4F93-4BDC-9050-B0F417B4A41E}.Debug|Any CPU.Build.0 = Debug|Any CPU
		{E6BA98A5-4F93-4BDC-9050-B0F417B4A41E}.Release|Any CPU.ActiveCfg = Release|Any CPU
		{E6BA98A5-4F93-4BDC-9050-B0F417B4A41E}.Release|Any CPU.Build.0 = Release|Any CPU
		{736B8E99-42B3-4359-97B5-750FA7E80686}.Debug|Any CPU.ActiveCfg = Debug|Any CPU
		{736B8E99-42B3-4359-97B5-750FA7E80686}.Debug|Any CPU.Build.0 = Debug|Any CPU
		{736B8E99-42B3-4359-97B5-750FA7E80686}.Release|Any CPU.ActiveCfg = Release|Any CPU
		{736B8E99-42B3-4359-97B5-750FA7E80686}.Release|Any CPU.Build.0 = Release|Any CPU
		{60BD4238-B2AF-4ACC-A607-5DAF82D9F6DE}.Debug|Any CPU.ActiveCfg = Debug|Any CPU
		{60BD4238-B2AF-4ACC-A607-5DAF82D9F6DE}.Debug|Any CPU.Build.0 = Debug|Any CPU
		{60BD4238-B2AF-4ACC-A607-5DAF82D9F6DE}.Release|Any CPU.ActiveCfg = Release|Any CPU
		{60BD4238-B2AF-4ACC-A607-5DAF82D9F6DE}.Release|Any CPU.Build.0 = Release|Any CPU
		{D99A99D7-62B5-495B-A039-17C082D66589}.Debug|Any CPU.ActiveCfg = Debug|Any CPU
		{D99A99D7-62B5-495B-A039-17C082D66589}.Debug|Any CPU.Build.0 = Debug|Any CPU
		{D99A99D7-62B5-495B-A039-17C082D66589}.Release|Any CPU.ActiveCfg = Release|Any CPU
		{D99A99D7-62B5-495B-A039-17C082D66589}.Release|Any CPU.Build.0 = Release|Any CPU
		{45E6D712-0776-4953-9416-616507B6F9E7}.Debug|Any CPU.ActiveCfg = Debug|Any CPU
		{45E6D712-0776-4953-9416-616507B6F9E7}.Debug|Any CPU.Build.0 = Debug|Any CPU
		{45E6D712-0776-4953-9416-616507B6F9E7}.Release|Any CPU.ActiveCfg = Release|Any CPU
		{45E6D712-0776-4953-9416-616507B6F9E7}.Release|Any CPU.Build.0 = Release|Any CPU
		{4832B111-6F81-4FB8-AB33-737388752AB1}.Debug|Any CPU.ActiveCfg = Debug|Any CPU
		{4832B111-6F81-4FB8-AB33-737388752AB1}.Debug|Any CPU.Build.0 = Debug|Any CPU
		{4832B111-6F81-4FB8-AB33-737388752AB1}.Release|Any CPU.ActiveCfg = Release|Any CPU
		{4832B111-6F81-4FB8-AB33-737388752AB1}.Release|Any CPU.Build.0 = Release|Any CPU
	EndGlobalSection
	GlobalSection(SolutionProperties) = preSolution
		HideSolutionNode = FALSE
	EndGlobalSection
	GlobalSection(NestedProjects) = preSolution
		{E6BA98A5-4F93-4BDC-9050-B0F417B4A41E} = {FB2C6057-0993-4F66-9A6A-B4F0523C22FE}
		{736B8E99-42B3-4359-97B5-750FA7E80686} = {FB2C6057-0993-4F66-9A6A-B4F0523C22FE}
		{60BD4238-B2AF-4ACC-A607-5DAF82D9F6DE} = {5E250128-BC88-49A7-BDDC-E4C200903AA3}
		{D99A99D7-62B5-495B-A039-17C082D66589} = {FB2C6057-0993-4F66-9A6A-B4F0523C22FE}
		{45E6D712-0776-4953-9416-616507B6F9E7} = {5E250128-BC88-49A7-BDDC-E4C200903AA3}
		{4832B111-6F81-4FB8-AB33-737388752AB1} = {FB2C6057-0993-4F66-9A6A-B4F0523C22FE}
	EndGlobalSection
	GlobalSection(ExtensibilityGlobals) = postSolution
		SolutionGuid = {FD00708F-DF20-43D3-A5F2-A2A1DEDBC4CE}
	EndGlobalSection
EndGlobal
